// !$*UTF8*$!
{
	archiveVersion = 1;
	classes = {
	};
	objectVersion = 46;
	objects = {

/* Begin PBXBuildFile section */
		630A6D261AEDE0C100647BC1 /* AppDelegate.swift in Sources */ = {isa = PBXBuildFile; fileRef = 630A6D251AEDE0C100647BC1 /* AppDelegate.swift */; };
		630A6D281AEDE0C100647BC1 /* ViewController.swift in Sources */ = {isa = PBXBuildFile; fileRef = 630A6D271AEDE0C100647BC1 /* ViewController.swift */; };
		630A6D2B1AEDE0C100647BC1 /* Main.storyboard in Resources */ = {isa = PBXBuildFile; fileRef = 630A6D291AEDE0C100647BC1 /* Main.storyboard */; };
		630A6D2D1AEDE0C100647BC1 /* Images.xcassets in Resources */ = {isa = PBXBuildFile; fileRef = 630A6D2C1AEDE0C100647BC1 /* Images.xcassets */; };
		630A6D301AEDE0C100647BC1 /* LaunchScreen.xib in Resources */ = {isa = PBXBuildFile; fileRef = 630A6D2E1AEDE0C100647BC1 /* LaunchScreen.xib */; };
		630A6D3C1AEDE0C200647BC1 /* ColorgyTimeTableTests.swift in Sources */ = {isa = PBXBuildFile; fileRef = 630A6D3B1AEDE0C200647BC1 /* ColorgyTimeTableTests.swift */; };
		630A6D461AEDE0EE00647BC1 /* ColorgyTimeTableViewController.swift in Sources */ = {isa = PBXBuildFile; fileRef = 630A6D451AEDE0EE00647BC1 /* ColorgyTimeTableViewController.swift */; };
		630A6D481AEE06E000647BC1 /* ColorgyFBLoginViewController.swift in Sources */ = {isa = PBXBuildFile; fileRef = 630A6D471AEE06E000647BC1 /* ColorgyFBLoginViewController.swift */; };
		630A6D4A1AEE116000647BC1 /* ColorgySetupProfileViewController.swift in Sources */ = {isa = PBXBuildFile; fileRef = 630A6D491AEE116000647BC1 /* ColorgySetupProfileViewController.swift */; };
		630A6D4C1AEE141800647BC1 /* profile.jpg in Resources */ = {isa = PBXBuildFile; fileRef = 630A6D4B1AEE141800647BC1 /* profile.jpg */; };
/* End PBXBuildFile section */

/* Begin PBXContainerItemProxy section */
		630A6D361AEDE0C200647BC1 /* PBXContainerItemProxy */ = {
			isa = PBXContainerItemProxy;
			containerPortal = 630A6D181AEDE0C100647BC1 /* Project object */;
			proxyType = 1;
			remoteGlobalIDString = 630A6D1F1AEDE0C100647BC1;
			remoteInfo = ColorgyTimeTable;
		};
/* End PBXContainerItemProxy section */

/* Begin PBXFileReference section */
		630A6D201AEDE0C100647BC1 /* ColorgyTimeTable.app */ = {isa = PBXFileReference; explicitFileType = wrapper.application; includeInIndex = 0; path = ColorgyTimeTable.app; sourceTree = BUILT_PRODUCTS_DIR; };
		630A6D241AEDE0C100647BC1 /* Info.plist */ = {isa = PBXFileReference; lastKnownFileType = text.plist.xml; path = Info.plist; sourceTree = "<group>"; };
		630A6D251AEDE0C100647BC1 /* AppDelegate.swift */ = {isa = PBXFileReference; lastKnownFileType = sourcecode.swift; path = AppDelegate.swift; sourceTree = "<group>"; };
		630A6D271AEDE0C100647BC1 /* ViewController.swift */ = {isa = PBXFileReference; lastKnownFileType = sourcecode.swift; path = ViewController.swift; sourceTree = "<group>"; };
		630A6D2A1AEDE0C100647BC1 /* Base */ = {isa = PBXFileReference; lastKnownFileType = file.storyboard; name = Base; path = Base.lproj/Main.storyboard; sourceTree = "<group>"; };
		630A6D2C1AEDE0C100647BC1 /* Images.xcassets */ = {isa = PBXFileReference; lastKnownFileType = folder.assetcatalog; path = Images.xcassets; sourceTree = "<group>"; };
		630A6D2F1AEDE0C100647BC1 /* Base */ = {isa = PBXFileReference; lastKnownFileType = file.xib; name = Base; path = Base.lproj/LaunchScreen.xib; sourceTree = "<group>"; };
		630A6D351AEDE0C200647BC1 /* ColorgyTimeTableTests.xctest */ = {isa = PBXFileReference; explicitFileType = wrapper.cfbundle; includeInIndex = 0; path = ColorgyTimeTableTests.xctest; sourceTree = BUILT_PRODUCTS_DIR; };
		630A6D3A1AEDE0C200647BC1 /* Info.plist */ = {isa = PBXFileReference; lastKnownFileType = text.plist.xml; path = Info.plist; sourceTree = "<group>"; };
		630A6D3B1AEDE0C200647BC1 /* ColorgyTimeTableTests.swift */ = {isa = PBXFileReference; lastKnownFileType = sourcecode.swift; path = ColorgyTimeTableTests.swift; sourceTree = "<group>"; };
		630A6D451AEDE0EE00647BC1 /* ColorgyTimeTableViewController.swift */ = {isa = PBXFileReference; fileEncoding = 4; lastKnownFileType = sourcecode.swift; path = ColorgyTimeTableViewController.swift; sourceTree = "<group>"; };
		630A6D471AEE06E000647BC1 /* ColorgyFBLoginViewController.swift */ = {isa = PBXFileReference; fileEncoding = 4; lastKnownFileType = sourcecode.swift; path = ColorgyFBLoginViewController.swift; sourceTree = "<group>"; };
		630A6D491AEE116000647BC1 /* ColorgySetupProfileViewController.swift */ = {isa = PBXFileReference; fileEncoding = 4; lastKnownFileType = sourcecode.swift; path = ColorgySetupProfileViewController.swift; sourceTree = "<group>"; };
		630A6D4B1AEE141800647BC1 /* profile.jpg */ = {isa = PBXFileReference; lastKnownFileType = image.jpeg; path = profile.jpg; sourceTree = "<group>"; };
/* End PBXFileReference section */

/* Begin PBXFrameworksBuildPhase section */
		630A6D1D1AEDE0C100647BC1 /* Frameworks */ = {
			isa = PBXFrameworksBuildPhase;
			buildActionMask = 2147483647;
			files = (
			);
			runOnlyForDeploymentPostprocessing = 0;
		};
		630A6D321AEDE0C200647BC1 /* Frameworks */ = {
			isa = PBXFrameworksBuildPhase;
			buildActionMask = 2147483647;
			files = (
			);
			runOnlyForDeploymentPostprocessing = 0;
		};
/* End PBXFrameworksBuildPhase section */

/* Begin PBXGroup section */
		630A6D171AEDE0C100647BC1 = {
			isa = PBXGroup;
			children = (
				630A6D221AEDE0C100647BC1 /* ColorgyTimeTable */,
				630A6D381AEDE0C200647BC1 /* ColorgyTimeTableTests */,
				630A6D211AEDE0C100647BC1 /* Products */,
				630A6D4B1AEE141800647BC1 /* profile.jpg */,
			);
			sourceTree = "<group>";
		};
		630A6D211AEDE0C100647BC1 /* Products */ = {
			isa = PBXGroup;
			children = (
				630A6D201AEDE0C100647BC1 /* ColorgyTimeTable.app */,
				630A6D351AEDE0C200647BC1 /* ColorgyTimeTableTests.xctest */,
			);
			name = Products;
			sourceTree = "<group>";
		};
		630A6D221AEDE0C100647BC1 /* ColorgyTimeTable */ = {
			isa = PBXGroup;
			children = (
				630A6D251AEDE0C100647BC1 /* AppDelegate.swift */,
				630A6D271AEDE0C100647BC1 /* ViewController.swift */,
				630A6D291AEDE0C100647BC1 /* Main.storyboard */,
				630A6D491AEE116000647BC1 /* ColorgySetupProfileViewController.swift */,
				630A6D471AEE06E000647BC1 /* ColorgyFBLoginViewController.swift */,
				630A6D451AEDE0EE00647BC1 /* ColorgyTimeTableViewController.swift */,
				630A6D2C1AEDE0C100647BC1 /* Images.xcassets */,
				630A6D2E1AEDE0C100647BC1 /* LaunchScreen.xib */,
				630A6D231AEDE0C100647BC1 /* Supporting Files */,
			);
			path = ColorgyTimeTable;
			sourceTree = "<group>";
		};
		630A6D231AEDE0C100647BC1 /* Supporting Files */ = {
			isa = PBXGroup;
			children = (
				630A6D241AEDE0C100647BC1 /* Info.plist */,
			);
			name = "Supporting Files";
			sourceTree = "<group>";
		};
		630A6D381AEDE0C200647BC1 /* ColorgyTimeTableTests */ = {
			isa = PBXGroup;
			children = (
				630A6D3B1AEDE0C200647BC1 /* ColorgyTimeTableTests.swift */,
				630A6D391AEDE0C200647BC1 /* Supporting Files */,
			);
			path = ColorgyTimeTableTests;
			sourceTree = "<group>";
		};
		630A6D391AEDE0C200647BC1 /* Supporting Files */ = {
			isa = PBXGroup;
			children = (
				630A6D3A1AEDE0C200647BC1 /* Info.plist */,
			);
			name = "Supporting Files";
			sourceTree = "<group>";
		};
/* End PBXGroup section */

/* Begin PBXNativeTarget section */
		630A6D1F1AEDE0C100647BC1 /* ColorgyTimeTable */ = {
			isa = PBXNativeTarget;
			buildConfigurationList = 630A6D3F1AEDE0C200647BC1 /* Build configuration list for PBXNativeTarget "ColorgyTimeTable" */;
			buildPhases = (
				630A6D1C1AEDE0C100647BC1 /* Sources */,
				630A6D1D1AEDE0C100647BC1 /* Frameworks */,
				630A6D1E1AEDE0C100647BC1 /* Resources */,
			);
			buildRules = (
			);
			dependencies = (
			);
			name = ColorgyTimeTable;
			productName = ColorgyTimeTable;
			productReference = 630A6D201AEDE0C100647BC1 /* ColorgyTimeTable.app */;
			productType = "com.apple.product-type.application";
		};
		630A6D341AEDE0C200647BC1 /* ColorgyTimeTableTests */ = {
			isa = PBXNativeTarget;
			buildConfigurationList = 630A6D421AEDE0C200647BC1 /* Build configuration list for PBXNativeTarget "ColorgyTimeTableTests" */;
			buildPhases = (
				630A6D311AEDE0C200647BC1 /* Sources */,
				630A6D321AEDE0C200647BC1 /* Frameworks */,
				630A6D331AEDE0C200647BC1 /* Resources */,
			);
			buildRules = (
			);
			dependencies = (
				630A6D371AEDE0C200647BC1 /* PBXTargetDependency */,
			);
			name = ColorgyTimeTableTests;
			productName = ColorgyTimeTableTests;
			productReference = 630A6D351AEDE0C200647BC1 /* ColorgyTimeTableTests.xctest */;
			productType = "com.apple.product-type.bundle.unit-test";
		};
/* End PBXNativeTarget section */

/* Begin PBXProject section */
		630A6D181AEDE0C100647BC1 /* Project object */ = {
			isa = PBXProject;
			attributes = {
				LastUpgradeCheck = 0630;
				ORGANIZATIONNAME = David;
				TargetAttributes = {
					630A6D1F1AEDE0C100647BC1 = {
						CreatedOnToolsVersion = 6.3;
					};
					630A6D341AEDE0C200647BC1 = {
						CreatedOnToolsVersion = 6.3;
						TestTargetID = 630A6D1F1AEDE0C100647BC1;
					};
				};
			};
			buildConfigurationList = 630A6D1B1AEDE0C100647BC1 /* Build configuration list for PBXProject "ColorgyTimeTable" */;
			compatibilityVersion = "Xcode 3.2";
			developmentRegion = English;
			hasScannedForEncodings = 0;
			knownRegions = (
				en,
				Base,
			);
			mainGroup = 630A6D171AEDE0C100647BC1;
			productRefGroup = 630A6D211AEDE0C100647BC1 /* Products */;
			projectDirPath = "";
			projectRoot = "";
			targets = (
				630A6D1F1AEDE0C100647BC1 /* ColorgyTimeTable */,
				630A6D341AEDE0C200647BC1 /* ColorgyTimeTableTests */,
			);
		};
/* End PBXProject section */

/* Begin PBXResourcesBuildPhase section */
		630A6D1E1AEDE0C100647BC1 /* Resources */ = {
			isa = PBXResourcesBuildPhase;
			buildActionMask = 2147483647;
			files = (
				630A6D2B1AEDE0C100647BC1 /* Main.storyboard in Resources */,
				630A6D301AEDE0C100647BC1 /* LaunchScreen.xib in Resources */,
				630A6D2D1AEDE0C100647BC1 /* Images.xcassets in Resources */,
				630A6D4C1AEE141800647BC1 /* profile.jpg in Resources */,
			);
			runOnlyForDeploymentPostprocessing = 0;
		};
		630A6D331AEDE0C200647BC1 /* Resources */ = {
			isa = PBXResourcesBuildPhase;
			buildActionMask = 2147483647;
			files = (
			);
			runOnlyForDeploymentPostprocessing = 0;
		};
/* End PBXResourcesBuildPhase section */

/* Begin PBXSourcesBuildPhase section */
		630A6D1C1AEDE0C100647BC1 /* Sources */ = {
			isa = PBXSourcesBuildPhase;
			buildActionMask = 2147483647;
			files = (
				630A6D481AEE06E000647BC1 /* ColorgyFBLoginViewController.swift in Sources */,
				630A6D461AEDE0EE00647BC1 /* ColorgyTimeTableViewController.swift in Sources */,
				630A6D4A1AEE116000647BC1 /* ColorgySetupProfileViewController.swift in Sources */,
				630A6D281AEDE0C100647BC1 /* ViewController.swift in Sources */,
				630A6D261AEDE0C100647BC1 /* AppDelegate.swift in Sources */,
			);
			runOnlyForDeploymentPostprocessing = 0;
		};
		630A6D311AEDE0C200647BC1 /* Sources */ = {
			isa = PBXSourcesBuildPhase;
			buildActionMask = 2147483647;
			files = (
				630A6D3C1AEDE0C200647BC1 /* ColorgyTimeTableTests.swift in Sources */,
			);
			runOnlyForDeploymentPostprocessing = 0;
		};
/* End PBXSourcesBuildPhase section */

/* Begin PBXTargetDependency section */
		630A6D371AEDE0C200647BC1 /* PBXTargetDependency */ = {
			isa = PBXTargetDependency;
			target = 630A6D1F1AEDE0C100647BC1 /* ColorgyTimeTable */;
			targetProxy = 630A6D361AEDE0C200647BC1 /* PBXContainerItemProxy */;
		};
/* End PBXTargetDependency section */

/* Begin PBXVariantGroup section */
		630A6D291AEDE0C100647BC1 /* Main.storyboard */ = {
			isa = PBXVariantGroup;
			children = (
				630A6D2A1AEDE0C100647BC1 /* Base */,
			);
			name = Main.storyboard;
			sourceTree = "<group>";
		};
		630A6D2E1AEDE0C100647BC1 /* LaunchScreen.xib */ = {
			isa = PBXVariantGroup;
			children = (
				630A6D2F1AEDE0C100647BC1 /* Base */,
			);
			name = LaunchScreen.xib;
			sourceTree = "<group>";
		};
/* End PBXVariantGroup section */

/* Begin XCBuildConfiguration section */
		630A6D3D1AEDE0C200647BC1 /* Debug */ = {
			isa = XCBuildConfiguration;
			buildSettings = {
				ALWAYS_SEARCH_USER_PATHS = NO;
				CLANG_CXX_LANGUAGE_STANDARD = "gnu++0x";
				CLANG_CXX_LIBRARY = "libc++";
				CLANG_ENABLE_MODULES = YES;
				CLANG_ENABLE_OBJC_ARC = YES;
				CLANG_WARN_BOOL_CONVERSION = YES;
				CLANG_WARN_CONSTANT_CONVERSION = YES;
				CLANG_WARN_DIRECT_OBJC_ISA_USAGE = YES_ERROR;
				CLANG_WARN_EMPTY_BODY = YES;
				CLANG_WARN_ENUM_CONVERSION = YES;
				CLANG_WARN_INT_CONVERSION = YES;
				CLANG_WARN_OBJC_ROOT_CLASS = YES_ERROR;
				CLANG_WARN_UNREACHABLE_CODE = YES;
				CLANG_WARN__DUPLICATE_METHOD_MATCH = YES;
				"CODE_SIGN_IDENTITY[sdk=iphoneos*]" = "iPhone Developer";
				COPY_PHASE_STRIP = NO;
				DEBUG_INFORMATION_FORMAT = "dwarf-with-dsym";
				ENABLE_STRICT_OBJC_MSGSEND = YES;
				GCC_C_LANGUAGE_STANDARD = gnu99;
				GCC_DYNAMIC_NO_PIC = NO;
				GCC_NO_COMMON_BLOCKS = YES;
				GCC_OPTIMIZATION_LEVEL = 0;
				GCC_PREPROCESSOR_DEFINITIONS = (
					"DEBUG=1",
					"$(inherited)",
				);
				GCC_SYMBOLS_PRIVATE_EXTERN = NO;
				GCC_WARN_64_TO_32_BIT_CONVERSION = YES;
				GCC_WARN_ABOUT_RETURN_TYPE = YES_ERROR;
				GCC_WARN_UNDECLARED_SELECTOR = YES;
				GCC_WARN_UNINITIALIZED_AUTOS = YES_AGGRESSIVE;
				GCC_WARN_UNUSED_FUNCTION = YES;
				GCC_WARN_UNUSED_VARIABLE = YES;
				IPHONEOS_DEPLOYMENT_TARGET = 8.3;
				MTL_ENABLE_DEBUG_INFO = YES;
				ONLY_ACTIVE_ARCH = YES;
				SDKROOT = iphoneos;
				SWIFT_OPTIMIZATION_LEVEL = "-Onone";
				TARGETED_DEVICE_FAMILY = "1,2";
			};
			name = Debug;
		};
		630A6D3E1AEDE0C200647BC1 /* Release */ = {
			isa = XCBuildConfiguration;
			buildSettings = {
				ALWAYS_SEARCH_USER_PATHS = NO;
				CLANG_CXX_LANGUAGE_STANDARD = "gnu++0x";
				CLANG_CXX_LIBRARY = "libc++";
				CLANG_ENABLE_MODULES = YES;
				CLANG_ENABLE_OBJC_ARC = YES;
				CLANG_WARN_BOOL_CONVERSION = YES;
				CLANG_WARN_CONSTANT_CONVERSION = YES;
				CLANG_WARN_DIRECT_OBJC_ISA_USAGE = YES_ERROR;
				CLANG_WARN_EMPTY_BODY = YES;
				CLANG_WARN_ENUM_CONVERSION = YES;
				CLANG_WARN_INT_CONVERSION = YES;
				CLANG_WARN_OBJC_ROOT_CLASS = YES_ERROR;
				CLANG_WARN_UNREACHABLE_CODE = YES;
				CLANG_WARN__DUPLICATE_METHOD_MATCH = YES;
				"CODE_SIGN_IDENTITY[sdk=iphoneos*]" = "iPhone Developer";
				COPY_PHASE_STRIP = NO;
				DEBUG_INFORMATION_FORMAT = "dwarf-with-dsym";
				ENABLE_NS_ASSERTIONS = NO;
				ENABLE_STRICT_OBJC_MSGSEND = YES;
				GCC_C_LANGUAGE_STANDARD = gnu99;
				GCC_NO_COMMON_BLOCKS = YES;
				GCC_WARN_64_TO_32_BIT_CONVERSION = YES;
				GCC_WARN_ABOUT_RETURN_TYPE = YES_ERROR;
				GCC_WARN_UNDECLARED_SELECTOR = YES;
				GCC_WARN_UNINITIALIZED_AUTOS = YES_AGGRESSIVE;
				GCC_WARN_UNUSED_FUNCTION = YES;
				GCC_WARN_UNUSED_VARIABLE = YES;
				IPHONEOS_DEPLOYMENT_TARGET = 8.3;
				MTL_ENABLE_DEBUG_INFO = NO;
				SDKROOT = iphoneos;
				TARGETED_DEVICE_FAMILY = "1,2";
				VALIDATE_PRODUCT = YES;
			};
			name = Release;
		};
		630A6D401AEDE0C200647BC1 /* Debug */ = {
			isa = XCBuildConfiguration;
			buildSettings = {
				ASSETCATALOG_COMPILER_APPICON_NAME = AppIcon;
				INFOPLIST_FILE = ColorgyTimeTable/Info.plist;
				LD_RUNPATH_SEARCH_PATHS = "$(inherited) @executable_path/Frameworks";
				PRODUCT_NAME = "$(TARGET_NAME)";
			};
			name = Debug;
		};
		630A6D411AEDE0C200647BC1 /* Release */ = {
			isa = XCBuildConfiguration;
			buildSettings = {
				ASSETCATALOG_COMPILER_APPICON_NAME = AppIcon;
				INFOPLIST_FILE = ColorgyTimeTable/Info.plist;
				LD_RUNPATH_SEARCH_PATHS = "$(inherited) @executable_path/Frameworks";
				PRODUCT_NAME = "$(TARGET_NAME)";
			};
			name = Release;
		};
		630A6D431AEDE0C200647BC1 /* Debug */ = {
			isa = XCBuildConfiguration;
			buildSettings = {
				BUNDLE_LOADER = "$(TEST_HOST)";
				FRAMEWORK_SEARCH_PATHS = (
					"$(SDKROOT)/Developer/Library/Frameworks",
					"$(inherited)",
				);
				GCC_PREPROCESSOR_DEFINITIONS = (
					"DEBUG=1",
					"$(inherited)",
				);
				INFOPLIST_FILE = ColorgyTimeTableTests/Info.plist;
				LD_RUNPATH_SEARCH_PATHS = "$(inherited) @executable_path/Frameworks @loader_path/Frameworks";
				PRODUCT_NAME = "$(TARGET_NAME)";
				TEST_HOST = "$(BUILT_PRODUCTS_DIR)/ColorgyTimeTable.app/ColorgyTimeTable";
			};
			name = Debug;
		};
		630A6D441AEDE0C200647BC1 /* Release */ = {
			isa = XCBuildConfiguration;
			buildSettings = {
				BUNDLE_LOADER = "$(TEST_HOST)";
				FRAMEWORK_SEARCH_PATHS = (
					"$(SDKROOT)/Developer/Library/Frameworks",
					"$(inherited)",
				);
				INFOPLIST_FILE = ColorgyTimeTableTests/Info.plist;
				LD_RUNPATH_SEARCH_PATHS = "$(inherited) @executable_path/Frameworks @loader_path/Frameworks";
				PRODUCT_NAME = "$(TARGET_NAME)";
				TEST_HOST = "$(BUILT_PRODUCTS_DIR)/ColorgyTimeTable.app/ColorgyTimeTable";
			};
			name = Release;
		};
/* End XCBuildConfiguration section */

/* Begin XCConfigurationList section */
		630A6D1B1AEDE0C100647BC1 /* Build configuration list for PBXProject "ColorgyTimeTable" */ = {
			isa = XCConfigurationList;
			buildConfigurations = (
				630A6D3D1AEDE0C200647BC1 /* Debug */,
				630A6D3E1AEDE0C200647BC1 /* Release */,
			);
			defaultConfigurationIsVisible = 0;
			defaultConfigurationName = Release;
		};
		630A6D3F1AEDE0C200647BC1 /* Build configuration list for PBXNativeTarget "ColorgyTimeTable" */ = {
			isa = XCConfigurationList;
			buildConfigurations = (
				630A6D401AEDE0C200647BC1 /* Debug */,
				630A6D411AEDE0C200647BC1 /* Release */,
			);
			defaultConfigurationIsVisible = 0;
		};
		630A6D421AEDE0C200647BC1 /* Build configuration list for PBXNativeTarget "ColorgyTimeTableTests" */ = {
			isa = XCConfigurationList;
			buildConfigurations = (
				630A6D431AEDE0C200647BC1 /* Debug */,
				630A6D441AEDE0C200647BC1 /* Release */,
			);
			defaultConfigurationIsVisible = 0;
		};
/* End XCConfigurationList section */
	};
	rootObject = 630A6D181AEDE0C100647BC1 /* Project object */;
}
